// !$*UTF8*$!
{
	archiveVersion = 1;
	classes = {
	};
	objectVersion = 50;
	objects = {

/* Begin PBXBuildFile section */
		CF76EFE7278DEC1A00EC7D79 /* AppDelegate.swift in Sources */ = {isa = PBXBuildFile; fileRef = CF76EFE6278DEC1A00EC7D79 /* AppDelegate.swift */; };
		CF76EFE9278DEC1A00EC7D79 /* SceneDelegate.swift in Sources */ = {isa = PBXBuildFile; fileRef = CF76EFE8278DEC1A00EC7D79 /* SceneDelegate.swift */; };
		CF76EFEE278DEC1A00EC7D79 /* Main.storyboard in Resources */ = {isa = PBXBuildFile; fileRef = CF76EFEC278DEC1A00EC7D79 /* Main.storyboard */; };
		CF76EFF0278DEC2400EC7D79 /* Assets.xcassets in Resources */ = {isa = PBXBuildFile; fileRef = CF76EFEF278DEC2400EC7D79 /* Assets.xcassets */; };
		CF76EFF3278DEC2400EC7D79 /* LaunchScreen.storyboard in Resources */ = {isa = PBXBuildFile; fileRef = CF76EFF1278DEC2400EC7D79 /* LaunchScreen.storyboard */; };
		CF76F001278EA0E200EC7D79 /* signInViewController.swift in Sources */ = {isa = PBXBuildFile; fileRef = CF76F000278EA0E200EC7D79 /* signInViewController.swift */; };
		CF76F00B278EA77A00EC7D79 /* User.swift in Sources */ = {isa = PBXBuildFile; fileRef = CF76F00A278EA77A00EC7D79 /* User.swift */; };
		CFBE816A2792954800612E94 /* TableViewController.swift in Sources */ = {isa = PBXBuildFile; fileRef = CFBE81692792954800612E94 /* TableViewController.swift */; };
/* End PBXBuildFile section */

/* Begin PBXFileReference section */
		CF76EFE3278DEC1A00EC7D79 /* GCSCMgmtApp.app */ = {isa = PBXFileReference; explicitFileType = wrapper.application; includeInIndex = 0; path = GCSCMgmtApp.app; sourceTree = BUILT_PRODUCTS_DIR; };
		CF76EFE6278DEC1A00EC7D79 /* AppDelegate.swift */ = {isa = PBXFileReference; lastKnownFileType = sourcecode.swift; path = AppDelegate.swift; sourceTree = "<group>"; };
		CF76EFE8278DEC1A00EC7D79 /* SceneDelegate.swift */ = {isa = PBXFileReference; lastKnownFileType = sourcecode.swift; path = SceneDelegate.swift; sourceTree = "<group>"; };
		CF76EFED278DEC1A00EC7D79 /* Base */ = {isa = PBXFileReference; lastKnownFileType = file.storyboard; name = Base; path = Base.lproj/Main.storyboard; sourceTree = "<group>"; };
		CF76EFEF278DEC2400EC7D79 /* Assets.xcassets */ = {isa = PBXFileReference; lastKnownFileType = folder.assetcatalog; path = Assets.xcassets; sourceTree = "<group>"; };
		CF76EFF2278DEC2400EC7D79 /* Base */ = {isa = PBXFileReference; lastKnownFileType = file.storyboard; name = Base; path = Base.lproj/LaunchScreen.storyboard; sourceTree = "<group>"; };
		CF76EFF4278DEC2400EC7D79 /* Info.plist */ = {isa = PBXFileReference; lastKnownFileType = text.plist.xml; path = Info.plist; sourceTree = "<group>"; };
		CF76F000278EA0E200EC7D79 /* signInViewController.swift */ = {isa = PBXFileReference; lastKnownFileType = sourcecode.swift; path = signInViewController.swift; sourceTree = "<group>"; };
		CF76F00A278EA77A00EC7D79 /* User.swift */ = {isa = PBXFileReference; lastKnownFileType = sourcecode.swift; path = User.swift; sourceTree = "<group>"; };
		CFBE81692792954800612E94 /* TableViewController.swift */ = {isa = PBXFileReference; lastKnownFileType = sourcecode.swift; path = TableViewController.swift; sourceTree = "<group>"; };
/* End PBXFileReference section */

/* Begin PBXFrameworksBuildPhase section */
		CF76EFE0278DEC1A00EC7D79 /* Frameworks */ = {
			isa = PBXFrameworksBuildPhase;
			buildActionMask = 2147483647;
			files = (
			);
			runOnlyForDeploymentPostprocessing = 0;
		};
/* End PBXFrameworksBuildPhase section */

/* Begin PBXGroup section */
		CF76EFDA278DEC1A00EC7D79 = {
			isa = PBXGroup;
			children = (
				CF76EFE5278DEC1A00EC7D79 /* GCSCMgmtApp */,
				CF76EFE4278DEC1A00EC7D79 /* Products */,
			);
			sourceTree = "<group>";
		};
		CF76EFE4278DEC1A00EC7D79 /* Products */ = {
			isa = PBXGroup;
			children = (
				CF76EFE3278DEC1A00EC7D79 /* GCSCMgmtApp.app */,
			);
			name = Products;
			sourceTree = "<group>";
		};
		CF76EFE5278DEC1A00EC7D79 /* GCSCMgmtApp */ = {
			isa = PBXGroup;
			children = (
				CF76EFE6278DEC1A00EC7D79 /* AppDelegate.swift */,
				CF76EFE8278DEC1A00EC7D79 /* SceneDelegate.swift */,
				CF76EFEC278DEC1A00EC7D79 /* Main.storyboard */,
				CFBE81692792954800612E94 /* TableViewController.swift */,
				CF76F00A278EA77A00EC7D79 /* User.swift */,
				CF76F000278EA0E200EC7D79 /* signInViewController.swift */,
				CF76EFEF278DEC2400EC7D79 /* Assets.xcassets */,
				CF76EFF1278DEC2400EC7D79 /* LaunchScreen.storyboard */,
				CF76EFF4278DEC2400EC7D79 /* Info.plist */,
			);
			path = GCSCMgmtApp;
			sourceTree = "<group>";
		};
/* End PBXGroup section */

/* Begin PBXNativeTarget section */
		CF76EFE2278DEC1A00EC7D79 /* GCSCMgmtApp */ = {
			isa = PBXNativeTarget;
			buildConfigurationList = CF76EFF7278DEC2400EC7D79 /* Build configuration list for PBXNativeTarget "GCSCMgmtApp" */;
			buildPhases = (
				CF76EFDF278DEC1A00EC7D79 /* Sources */,
				CF76EFE0278DEC1A00EC7D79 /* Frameworks */,
				CF76EFE1278DEC1A00EC7D79 /* Resources */,
			);
			buildRules = (
			);
			dependencies = (
			);
			name = GCSCMgmtApp;
			productName = GCSCMgmtApp;
			productReference = CF76EFE3278DEC1A00EC7D79 /* GCSCMgmtApp.app */;
			productType = "com.apple.product-type.application";
		};
/* End PBXNativeTarget section */

/* Begin PBXProject section */
		CF76EFDB278DEC1A00EC7D79 /* Project object */ = {
			isa = PBXProject;
			attributes = {
				LastSwiftUpdateCheck = 1240;
				LastUpgradeCheck = 1240;
				TargetAttributes = {
					CF76EFE2278DEC1A00EC7D79 = {
						CreatedOnToolsVersion = 12.4;
					};
				};
			};
			buildConfigurationList = CF76EFDE278DEC1A00EC7D79 /* Build configuration list for PBXProject "GCSCMgmtApp" */;
			compatibilityVersion = "Xcode 9.3";
			developmentRegion = en;
			hasScannedForEncodings = 0;
			knownRegions = (
				en,
				Base,
			);
			mainGroup = CF76EFDA278DEC1A00EC7D79;
			productRefGroup = CF76EFE4278DEC1A00EC7D79 /* Products */;
			projectDirPath = "";
			projectRoot = "";
			targets = (
				CF76EFE2278DEC1A00EC7D79 /* GCSCMgmtApp */,
			);
		};
/* End PBXProject section */

/* Begin PBXResourcesBuildPhase section */
		CF76EFE1278DEC1A00EC7D79 /* Resources */ = {
			isa = PBXResourcesBuildPhase;
			buildActionMask = 2147483647;
			files = (
				CF76EFF3278DEC2400EC7D79 /* LaunchScreen.storyboard in Resources */,
				CF76EFF0278DEC2400EC7D79 /* Assets.xcassets in Resources */,
				CF76EFEE278DEC1A00EC7D79 /* Main.storyboard in Resources */,
			);
			runOnlyForDeploymentPostprocessing = 0;
		};
/* End PBXResourcesBuildPhase section */

/* Begin PBXSourcesBuildPhase section */
		CF76EFDF278DEC1A00EC7D79 /* Sources */ = {
			isa = PBXSourcesBuildPhase;
			buildActionMask = 2147483647;
			files = (
				CF76F00B278EA77A00EC7D79 /* User.swift in Sources */,
				CFBE816A2792954800612E94 /* TableViewController.swift in Sources */,
				CF76EFE7278DEC1A00EC7D79 /* AppDelegate.swift in Sources */,
				CF76F001278EA0E200EC7D79 /* signInViewController.swift in Sources */,
				CF76EFE9278DEC1A00EC7D79 /* SceneDelegate.swift in Sources */,
			);
			runOnlyForDeploymentPostprocessing = 0;
		};
/* End PBXSourcesBuildPhase section */

/* Begin PBXVariantGroup section */
		CF76EFEC278DEC1A00EC7D79 /* Main.storyboard */ = {
			isa = PBXVariantGroup;
			children = (
				CF76EFED278DEC1A00EC7D79 /* Base */,
			);
			name = Main.storyboard;
			sourceTree = "<group>";
		};
		CF76EFF1278DEC2400EC7D79 /* LaunchScreen.storyboard */ = {
			isa = PBXVariantGroup;
			children = (
				CF76EFF2278DEC2400EC7D79 /* Base */,
			);
			name = LaunchScreen.storyboard;
			sourceTree = "<group>";
		};
/* End PBXVariantGroup section */

/* Begin XCBuildConfiguration section */
		CF76EFF5278DEC2400EC7D79 /* Debug */ = {
			isa = XCBuildConfiguration;
			buildSettings = {
				ALWAYS_SEARCH_USER_PATHS = NO;
				CLANG_ANALYZER_NONNULL = YES;
				CLANG_ANALYZER_NUMBER_OBJECT_CONVERSION = YES_AGGRESSIVE;
				CLANG_CXX_LANGUAGE_STANDARD = "gnu++14";
				CLANG_CXX_LIBRARY = "libc++";
				CLANG_ENABLE_MODULES = YES;
				CLANG_ENABLE_OBJC_ARC = YES;
				CLANG_ENABLE_OBJC_WEAK = YES;
				CLANG_WARN_BLOCK_CAPTURE_AUTORELEASING = YES;
				CLANG_WARN_BOOL_CONVERSION = YES;
				CLANG_WARN_COMMA = YES;
				CLANG_WARN_CONSTANT_CONVERSION = YES;
				CLANG_WARN_DEPRECATED_OBJC_IMPLEMENTATIONS = YES;
				CLANG_WARN_DIRECT_OBJC_ISA_USAGE = YES_ERROR;
				CLANG_WARN_DOCUMENTATION_COMMENTS = YES;
				CLANG_WARN_EMPTY_BODY = YES;
				CLANG_WARN_ENUM_CONVERSION = YES;
				CLANG_WARN_INFINITE_RECURSION = YES;
				CLANG_WARN_INT_CONVERSION = YES;
				CLANG_WARN_NON_LITERAL_NULL_CONVERSION = YES;
				CLANG_WARN_OBJC_IMPLICIT_RETAIN_SELF = YES;
				CLANG_WARN_OBJC_LITERAL_CONVERSION = YES;
				CLANG_WARN_OBJC_ROOT_CLASS = YES_ERROR;
				CLANG_WARN_QUOTED_INCLUDE_IN_FRAMEWORK_HEADER = YES;
				CLANG_WARN_RANGE_LOOP_ANALYSIS = YES;
				CLANG_WARN_STRICT_PROTOTYPES = YES;
				CLANG_WARN_SUSPICIOUS_MOVE = YES;
				CLANG_WARN_UNGUARDED_AVAILABILITY = YES_AGGRESSIVE;
				CLANG_WARN_UNREACHABLE_CODE = YES;
				CLANG_WARN__DUPLICATE_METHOD_MATCH = YES;
				COPY_PHASE_STRIP = NO;
				DEBUG_INFORMATION_FORMAT = dwarf;
				ENABLE_STRICT_OBJC_MSGSEND = YES;
				ENABLE_TESTABILITY = YES;
				GCC_C_LANGUAGE_STANDARD = gnu11;
				GCC_DYNAMIC_NO_PIC = NO;
				GCC_NO_COMMON_BLOCKS = YES;
				GCC_OPTIMIZATION_LEVEL = 0;
				GCC_PREPROCESSOR_DEFINITIONS = (
					"DEBUG=1",
					"$(inherited)",
				);
				GCC_WARN_64_TO_32_BIT_CONVERSION = YES;
				GCC_WARN_ABOUT_RETURN_TYPE = YES_ERROR;
				GCC_WARN_UNDECLARED_SELECTOR = YES;
				GCC_WARN_UNINITIALIZED_AUTOS = YES_AGGRESSIVE;
				GCC_WARN_UNUSED_FUNCTION = YES;
				GCC_WARN_UNUSED_VARIABLE = YES;
				IPHONEOS_DEPLOYMENT_TARGET = 14.4;
				MTL_ENABLE_DEBUG_INFO = INCLUDE_SOURCE;
				MTL_FAST_MATH = YES;
				ONLY_ACTIVE_ARCH = YES;
				SDKROOT = iphoneos;
				SWIFT_ACTIVE_COMPILATION_CONDITIONS = DEBUG;
				SWIFT_OPTIMIZATION_LEVEL = "-Onone";
			};
			name = Debug;
		};
		CF76EFF6278DEC2400EC7D79 /* Release */ = {
			isa = XCBuildConfiguration;
			buildSettings = {
				ALWAYS_SEARCH_USER_PATHS = NO;
				CLANG_ANALYZER_NONNULL = YES;
				CLANG_ANALYZER_NUMBER_OBJECT_CONVERSION = YES_AGGRESSIVE;
				CLANG_CXX_LANGUAGE_STANDARD = "gnu++14";
				CLANG_CXX_LIBRARY = "libc++";
				CLANG_ENABLE_MODULES = YES;
				CLANG_ENABLE_OBJC_ARC = YES;
				CLANG_ENABLE_OBJC_WEAK = YES;
				CLANG_WARN_BLOCK_CAPTURE_AUTORELEASING = YES;
				CLANG_WARN_BOOL_CONVERSION = YES;
				CLANG_WARN_COMMA = YES;
				CLANG_WARN_CONSTANT_CONVERSION = YES;
				CLANG_WARN_DEPRECATED_OBJC_IMPLEMENTATIONS = YES;
				CLANG_WARN_DIRECT_OBJC_ISA_USAGE = YES_ERROR;
				CLANG_WARN_DOCUMENTATION_COMMENTS = YES;
				CLANG_WARN_EMPTY_BODY = YES;
				CLANG_WARN_ENUM_CONVERSION = YES;
				CLANG_WARN_INFINITE_RECURSION = YES;
				CLANG_WARN_INT_CONVERSION = YES;
				CLANG_WARN_NON_LITERAL_NULL_CONVERSION = YES;
				CLANG_WARN_OBJC_IMPLICIT_RETAIN_SELF = YES;
				CLANG_WARN_OBJC_LITERAL_CONVERSION = YES;
				CLANG_WARN_OBJC_ROOT_CLASS = YES_ERROR;
				CLANG_WARN_QUOTED_INCLUDE_IN_FRAMEWORK_HEADER = YES;
				CLANG_WARN_RANGE_LOOP_ANALYSIS = YES;
				CLANG_WARN_STRICT_PROTOTYPES = YES;
				CLANG_WARN_SUSPICIOUS_MOVE = YES;
				CLANG_WARN_UNGUARDED_AVAILABILITY = YES_AGGRESSIVE;
				CLANG_WARN_UNREACHABLE_CODE = YES;
				CLANG_WARN__DUPLICATE_METHOD_MATCH = YES;
				COPY_PHASE_STRIP = NO;
				DEBUG_INFORMATION_FORMAT = "dwarf-with-dsym";
				ENABLE_NS_ASSERTIONS = NO;
				ENABLE_STRICT_OBJC_MSGSEND = YES;
				GCC_C_LANGUAGE_STANDARD = gnu11;
				GCC_NO_COMMON_BLOCKS = YES;
				GCC_WARN_64_TO_32_BIT_CONVERSION = YES;
				GCC_WARN_ABOUT_RETURN_TYPE = YES_ERROR;
				GCC_WARN_UNDECLARED_SELECTOR = YES;
				GCC_WARN_UNINITIALIZED_AUTOS = YES_AGGRESSIVE;
				GCC_WARN_UNUSED_FUNCTION = YES;
				GCC_WARN_UNUSED_VARIABLE = YES;
				IPHONEOS_DEPLOYMENT_TARGET = 14.4;
				MTL_ENABLE_DEBUG_INFO = NO;
				MTL_FAST_MATH = YES;
				SDKROOT = iphoneos;
				SWIFT_COMPILATION_MODE = wholemodule;
				SWIFT_OPTIMIZATION_LEVEL = "-O";
				VALIDATE_PRODUCT = YES;
			};
			name = Release;
		};
		CF76EFF8278DEC2400EC7D79 /* Debug */ = {
			isa = XCBuildConfiguration;
			buildSettings = {
				ASSETCATALOG_COMPILER_APPICON_NAME = AppIcon;
				ASSETCATALOG_COMPILER_GLOBAL_ACCENT_COLOR_NAME = AccentColor;
				CODE_SIGN_STYLE = Automatic;
				INFOPLIST_FILE = GCSCMgmtApp/Info.plist;
				LD_RUNPATH_SEARCH_PATHS = (
					"$(inherited)",
					"@executable_path/Frameworks",
				);
				PRODUCT_BUNDLE_IDENTIFIER = SageTurtles.GCSCMgmtApp;
				PRODUCT_NAME = "$(TARGET_NAME)";
				SWIFT_VERSION = 5.0;
				TARGETED_DEVICE_FAMILY = "1,2";
			};
			name = Debug;
		};
		CF76EFF9278DEC2400EC7D79 /* Release */ = {
			isa = XCBuildConfiguration;
			buildSettings = {
				ASSETCATALOG_COMPILER_APPICON_NAME = AppIcon;
				ASSETCATALOG_COMPILER_GLOBAL_ACCENT_COLOR_NAME = AccentColor;
				CODE_SIGN_STYLE = Automatic;
				INFOPLIST_FILE = GCSCMgmtApp/Info.plist;
				LD_RUNPATH_SEARCH_PATHS = (
					"$(inherited)",
					"@executable_path/Frameworks",
				);
				PRODUCT_BUNDLE_IDENTIFIER = SageTurtles.GCSCMgmtApp;
				PRODUCT_NAME = "$(TARGET_NAME)";
				SWIFT_VERSION = 5.0;
				TARGETED_DEVICE_FAMILY = "1,2";
			};
			name = Release;
		};
/* End XCBuildConfiguration section */

/* Begin XCConfigurationList section */
		CF76EFDE278DEC1A00EC7D79 /* Build configuration list for PBXProject "GCSCMgmtApp" */ = {
			isa = XCConfigurationList;
			buildConfigurations = (
				CF76EFF5278DEC2400EC7D79 /* Debug */,
				CF76EFF6278DEC2400EC7D79 /* Release */,
			);
			defaultConfigurationIsVisible = 0;
			defaultConfigurationName = Release;
		};
		CF76EFF7278DEC2400EC7D79 /* Build configuration list for PBXNativeTarget "GCSCMgmtApp" */ = {
			isa = XCConfigurationList;
			buildConfigurations = (
				CF76EFF8278DEC2400EC7D79 /* Debug */,
				CF76EFF9278DEC2400EC7D79 /* Release */,
			);
			defaultConfigurationIsVisible = 0;
			defaultConfigurationName = Release;
		};
/* End XCConfigurationList section */
	};
	rootObject = CF76EFDB278DEC1A00EC7D79 /* Project object */;
}
